
Microsoft Visual Studio Solution File, Format Version 12.00
# Visual Studio Version 17
VisualStudioVersion = 17.8.34525.116
MinimumVisualStudioVersion = 10.0.40219.1
Project("{FAE04EC0-301F-11D3-BF4B-00C04F79EFBC}") = "Cvicenie1", "Cvicenie1\Cvicenie1.csproj", "{F5526A15-0680-4C6E-B130-6AA73F81BA96}"
EndProject
Global
	GlobalSection(SolutionConfigurationPlatforms) = preSolution
		Debug|Any CPU = Debug|Any CPU
		Release|Any CPU = Release|Any CPU
	EndGlobalSection
	GlobalSection(ProjectConfigurationPlatforms) = postSolution
		{F5526A15-0680-4C6E-B130-6AA73F81BA96}.Debug|Any CPU.ActiveCfg = Debug|Any CPU
		{F5526A15-0680-4C6E-B130-6AA73F81BA96}.Debug|Any CPU.Build.0 = Debug|Any CPU
		{F5526A15-0680-4C6E-B130-6AA73F81BA96}.Release|Any CPU.ActiveCfg = Release|Any CPU
		{F5526A15-0680-4C6E-B130-6AA73F81BA96}.Release|Any CPU.Build.0 = Release|Any CPU
	EndGlobalSection
	GlobalSection(SolutionProperties) = preSolution
		HideSolutionNode = FALSE
	EndGlobalSection
	GlobalSection(ExtensibilityGlobals) = postSolution
		SolutionGuid = {FB3D116C-293E-4AE2-B605-7899D2A3C60D}
	EndGlobalSection
EndGlobal
